
Microsoft Visual Studio Solution File, Format Version 12.00
# Visual Studio Version 17
VisualStudioVersion = 17.0.31903.59
MinimumVisualStudioVersion = 10.0.40219.1
Project("{FAE04EC0-301F-11D3-BF4B-00C04F79EFBC}") = "Cabio.Dashboard.Api", "Cabio.Dashboard.Api\Cabio.Dashboard.Api.csproj", "{0DB50024-80AC-41C3-BC31-939BCC505E7F}"
EndProject
Project("{FAE04EC0-301F-11D3-BF4B-00C04F79EFBC}") = "Cabio.Dashboard.Auth", "Cabio.Dashboard.Auth\Cabio.Dashboard.Auth.csproj", "{E08A3188-CBE8-47B9-ACAE-68F121A0F351}"
EndProject
Project("{FAE04EC0-301F-11D3-BF4B-00C04F79EFBC}") = "Cabio.Dashboard.Infrastructure", "Cabio.Dashboard.Infrastructure\Cabio.Dashboard.Infrastructure.csproj", "{66AAB62F-DE48-44F6-9B62-9B962318AEA5}"
EndProject
Project("{FAE04EC0-301F-11D3-BF4B-00C04F79EFBC}") = "Cabio.Dashboard.Domain", "Cabio.Dashboard.Domain\Cabio.Dashboard.Domain.csproj", "{2585DB8C-B3F7-7576-11B5-1A873AD5FB5A}"
EndProject
Project("{FAE04EC0-301F-11D3-BF4B-00C04F79EFBC}") = "Cabio.Dashboard.Application", "Cabio.Dashboard.Application\Cabio.Dashboard.Application.csproj", "{EB2E43DE-8E05-E53A-BD1D-4BEC15FE8544}"
EndProject
Global
	GlobalSection(SolutionConfigurationPlatforms) = preSolution
		Debug|Any CPU = Debug|Any CPU
		Debug|x64 = Debug|x64
		Debug|x86 = Debug|x86
		Release|Any CPU = Release|Any CPU
		Release|x64 = Release|x64
		Release|x86 = Release|x86
	EndGlobalSection
	GlobalSection(ProjectConfigurationPlatforms) = postSolution
		{0DB50024-80AC-41C3-BC31-939BCC505E7F}.Debug|Any CPU.ActiveCfg = Debug|Any CPU
		{0DB50024-80AC-41C3-BC31-939BCC505E7F}.Debug|Any CPU.Build.0 = Debug|Any CPU
		{0DB50024-80AC-41C3-BC31-939BCC505E7F}.Debug|x64.ActiveCfg = Debug|Any CPU
		{0DB50024-80AC-41C3-BC31-939BCC505E7F}.Debug|x64.Build.0 = Debug|Any CPU
		{0DB50024-80AC-41C3-BC31-939BCC505E7F}.Debug|x86.ActiveCfg = Debug|Any CPU
		{0DB50024-80AC-41C3-BC31-939BCC505E7F}.Debug|x86.Build.0 = Debug|Any CPU
		{0DB50024-80AC-41C3-BC31-939BCC505E7F}.Release|Any CPU.ActiveCfg = Release|Any CPU
		{0DB50024-80AC-41C3-BC31-939BCC505E7F}.Release|Any CPU.Build.0 = Release|Any CPU
		{0DB50024-80AC-41C3-BC31-939BCC505E7F}.Release|x64.ActiveCfg = Release|Any CPU
		{0DB50024-80AC-41C3-BC31-939BCC505E7F}.Release|x64.Build.0 = Release|Any CPU
		{0DB50024-80AC-41C3-BC31-939BCC505E7F}.Release|x86.ActiveCfg = Release|Any CPU
		{0DB50024-80AC-41C3-BC31-939BCC505E7F}.Release|x86.Build.0 = Release|Any CPU
		{E08A3188-CBE8-47B9-ACAE-68F121A0F351}.Debug|Any CPU.ActiveCfg = Debug|Any CPU
		{E08A3188-CBE8-47B9-ACAE-68F121A0F351}.Debug|Any CPU.Build.0 = Debug|Any CPU
		{E08A3188-CBE8-47B9-ACAE-68F121A0F351}.Debug|x64.ActiveCfg = Debug|Any CPU
		{E08A3188-CBE8-47B9-ACAE-68F121A0F351}.Debug|x64.Build.0 = Debug|Any CPU
		{E08A3188-CBE8-47B9-ACAE-68F121A0F351}.Debug|x86.ActiveCfg = Debug|Any CPU
		{E08A3188-CBE8-47B9-ACAE-68F121A0F351}.Debug|x86.Build.0 = Debug|Any CPU
		{E08A3188-CBE8-47B9-ACAE-68F121A0F351}.Release|Any CPU.ActiveCfg = Release|Any CPU
		{E08A3188-CBE8-47B9-ACAE-68F121A0F351}.Release|Any CPU.Build.0 = Release|Any CPU
		{E08A3188-CBE8-47B9-ACAE-68F121A0F351}.Release|x64.ActiveCfg = Release|Any CPU
		{E08A3188-CBE8-47B9-ACAE-68F121A0F351}.Release|x64.Build.0 = Release|Any CPU
		{E08A3188-CBE8-47B9-ACAE-68F121A0F351}.Release|x86.ActiveCfg = Release|Any CPU
		{E08A3188-CBE8-47B9-ACAE-68F121A0F351}.Release|x86.Build.0 = Release|Any CPU
		{66AAB62F-DE48-44F6-9B62-9B962318AEA5}.Debug|Any CPU.ActiveCfg = Debug|Any CPU
		{66AAB62F-DE48-44F6-9B62-9B962318AEA5}.Debug|Any CPU.Build.0 = Debug|Any CPU
		{66AAB62F-DE48-44F6-9B62-9B962318AEA5}.Debug|x64.ActiveCfg = Debug|Any CPU
		{66AAB62F-DE48-44F6-9B62-9B962318AEA5}.Debug|x64.Build.0 = Debug|Any CPU
		{66AAB62F-DE48-44F6-9B62-9B962318AEA5}.Debug|x86.ActiveCfg = Debug|Any CPU
		{66AAB62F-DE48-44F6-9B62-9B962318AEA5}.Debug|x86.Build.0 = Debug|Any CPU
		{66AAB62F-DE48-44F6-9B62-9B962318AEA5}.Release|Any CPU.ActiveCfg = Release|Any CPU
		{66AAB62F-DE48-44F6-9B62-9B962318AEA5}.Release|Any CPU.Build.0 = Release|Any CPU
		{66AAB62F-DE48-44F6-9B62-9B962318AEA5}.Release|x64.ActiveCfg = Release|Any CPU
		{66AAB62F-DE48-44F6-9B62-9B962318AEA5}.Release|x64.Build.0 = Release|Any CPU
		{66AAB62F-DE48-44F6-9B62-9B962318AEA5}.Release|x86.ActiveCfg = Release|Any CPU
		{66AAB62F-DE48-44F6-9B62-9B962318AEA5}.Release|x86.Build.0 = Release|Any CPU
		{2585DB8C-B3F7-7576-11B5-1A873AD5FB5A}.Debug|Any CPU.ActiveCfg = Debug|Any CPU
		{2585DB8C-B3F7-7576-11B5-1A873AD5FB5A}.Debug|Any CPU.Build.0 = Debug|Any CPU
		{2585DB8C-B3F7-7576-11B5-1A873AD5FB5A}.Debug|x64.ActiveCfg = Debug|Any CPU
		{2585DB8C-B3F7-7576-11B5-1A873AD5FB5A}.Debug|x64.Build.0 = Debug|Any CPU
		{2585DB8C-B3F7-7576-11B5-1A873AD5FB5A}.Debug|x86.ActiveCfg = Debug|Any CPU
		{2585DB8C-B3F7-7576-11B5-1A873AD5FB5A}.Debug|x86.Build.0 = Debug|Any CPU
		{2585DB8C-B3F7-7576-11B5-1A873AD5FB5A}.Release|Any CPU.ActiveCfg = Release|Any CPU
		{2585DB8C-B3F7-7576-11B5-1A873AD5FB5A}.Release|Any CPU.Build.0 = Release|Any CPU
		{2585DB8C-B3F7-7576-11B5-1A873AD5FB5A}.Release|x64.ActiveCfg = Release|Any CPU
		{2585DB8C-B3F7-7576-11B5-1A873AD5FB5A}.Release|x64.Build.0 = Release|Any CPU
		{2585DB8C-B3F7-7576-11B5-1A873AD5FB5A}.Release|x86.ActiveCfg = Release|Any CPU
		{2585DB8C-B3F7-7576-11B5-1A873AD5FB5A}.Release|x86.Build.0 = Release|Any CPU
		{EB2E43DE-8E05-E53A-BD1D-4BEC15FE8544}.Debug|Any CPU.ActiveCfg = Debug|Any CPU
		{EB2E43DE-8E05-E53A-BD1D-4BEC15FE8544}.Debug|Any CPU.Build.0 = Debug|Any CPU
		{EB2E43DE-8E05-E53A-BD1D-4BEC15FE8544}.Debug|x64.ActiveCfg = Debug|Any CPU
		{EB2E43DE-8E05-E53A-BD1D-4BEC15FE8544}.Debug|x64.Build.0 = Debug|Any CPU
		{EB2E43DE-8E05-E53A-BD1D-4BEC15FE8544}.Debug|x86.ActiveCfg = Debug|Any CPU
		{EB2E43DE-8E05-E53A-BD1D-4BEC15FE8544}.Debug|x86.Build.0 = Debug|Any CPU
		{EB2E43DE-8E05-E53A-BD1D-4BEC15FE8544}.Release|Any CPU.ActiveCfg = Release|Any CPU
		{EB2E43DE-8E05-E53A-BD1D-4BEC15FE8544}.Release|Any CPU.Build.0 = Release|Any CPU
		{EB2E43DE-8E05-E53A-BD1D-4BEC15FE8544}.Release|x64.ActiveCfg = Release|Any CPU
		{EB2E43DE-8E05-E53A-BD1D-4BEC15FE8544}.Release|x64.Build.0 = Release|Any CPU
		{EB2E43DE-8E05-E53A-BD1D-4BEC15FE8544}.Release|x86.ActiveCfg = Release|Any CPU
		{EB2E43DE-8E05-E53A-BD1D-4BEC15FE8544}.Release|x86.Build.0 = Release|Any CPU
	EndGlobalSection
	GlobalSection(SolutionProperties) = preSolution
		HideSolutionNode = FALSE
	EndGlobalSection
	GlobalSection(ExtensibilityGlobals) = postSolution
		SolutionGuid = {81389D07-9F35-4A52-B41C-85F60FAB14D6}
	EndGlobalSection
EndGlobal
